
Microsoft Visual Studio Solution File, Format Version 12.00
# Visual Studio Version 16
VisualStudioVersion = 16.0.30621.155
MinimumVisualStudioVersion = 10.0.40219.1
Project("{FAE04EC0-301F-11D3-BF4B-00C04F79EFBC}") = "ContactRegAssignment5", "ContactRegAssignment5.csproj", "{BAB5FA88-7B8D-447D-A326-E81C206E0B18}"
EndProject
Global
	GlobalSection(SolutionConfigurationPlatforms) = preSolution
		Debug|Any CPU = Debug|Any CPU
		Release|Any CPU = Release|Any CPU
	EndGlobalSection
	GlobalSection(ProjectConfigurationPlatforms) = postSolution
		{BAB5FA88-7B8D-447D-A326-E81C206E0B18}.Debug|Any CPU.ActiveCfg = Debug|Any CPU
		{BAB5FA88-7B8D-447D-A326-E81C206E0B18}.Debug|Any CPU.Build.0 = Debug|Any CPU
		{BAB5FA88-7B8D-447D-A326-E81C206E0B18}.Release|Any CPU.ActiveCfg = Release|Any CPU
		{BAB5FA88-7B8D-447D-A326-E81C206E0B18}.Release|Any CPU.Build.0 = Release|Any CPU
	EndGlobalSection
	GlobalSection(SolutionProperties) = preSolution
		HideSolutionNode = FALSE
	EndGlobalSection
	GlobalSection(ExtensibilityGlobals) = postSolution
		SolutionGuid = {B62DDBC8-648A-40B3-930F-209EEB7C8B40}
	EndGlobalSection
EndGlobal
